
Microsoft Visual Studio Solution File, Format Version 12.00
# Visual Studio 14
VisualStudioVersion = 14.0.24720.0
MinimumVisualStudioVersion = 10.0.40219.1
Project("{FAE04EC0-301F-11D3-BF4B-00C04F79EFBC}") = "SFCart", "WcfService1\SFCart.csproj", "{1E7E632C-B5B3-4C20-9324-A3BF9CC445DB}"
EndProject
Project("{FAE04EC0-301F-11D3-BF4B-00C04F79EFBC}") = "ConsoleClient", "ConsoleClient\ConsoleClient.csproj", "{729C532F-668E-4F5A-A664-F045592AC574}"
	ProjectSection(ProjectDependencies) = postProject
		{1E7E632C-B5B3-4C20-9324-A3BF9CC445DB} = {1E7E632C-B5B3-4C20-9324-A3BF9CC445DB}
	EndProjectSection
EndProject
Global
	GlobalSection(SolutionConfigurationPlatforms) = preSolution
		Debug|Any CPU = Debug|Any CPU
		Release|Any CPU = Release|Any CPU
	EndGlobalSection
	GlobalSection(ProjectConfigurationPlatforms) = postSolution
		{1E7E632C-B5B3-4C20-9324-A3BF9CC445DB}.Debug|Any CPU.ActiveCfg = Debug|Any CPU
		{1E7E632C-B5B3-4C20-9324-A3BF9CC445DB}.Debug|Any CPU.Build.0 = Debug|Any CPU
		{1E7E632C-B5B3-4C20-9324-A3BF9CC445DB}.Release|Any CPU.ActiveCfg = Release|Any CPU
		{1E7E632C-B5B3-4C20-9324-A3BF9CC445DB}.Release|Any CPU.Build.0 = Release|Any CPU
		{729C532F-668E-4F5A-A664-F045592AC574}.Debug|Any CPU.ActiveCfg = Debug|Any CPU
		{729C532F-668E-4F5A-A664-F045592AC574}.Debug|Any CPU.Build.0 = Debug|Any CPU
		{729C532F-668E-4F5A-A664-F045592AC574}.Release|Any CPU.ActiveCfg = Release|Any CPU
		{729C532F-668E-4F5A-A664-F045592AC574}.Release|Any CPU.Build.0 = Release|Any CPU
	EndGlobalSection
	GlobalSection(SolutionProperties) = preSolution
		HideSolutionNode = FALSE
	EndGlobalSection
EndGlobal
